
Microsoft Visual Studio Solution File, Format Version 12.00
# Visual Studio Version 17
VisualStudioVersion = 17.0.31903.59
MinimumVisualStudioVersion = 10.0.40219.1
Project("{2150E333-8FDC-42A3-9474-1A3956D46DE8}") = "src", "src", "{93A4681F-2179-4D18-B36A-40603648AA3D}"
EndProject
Project("{FAE04EC0-301F-11D3-BF4B-00C04F79EFBC}") = "AuctionService", "src\AuctionService\AuctionService.csproj", "{FFAA1287-420A-4AC9-8710-EAE2635507C2}"
EndProject
Project("{FAE04EC0-301F-11D3-BF4B-00C04F79EFBC}") = "SearchService", "src\SearchService\SearchService.csproj", "{D63A2759-77BA-4061-988C-D9C21FB62123}"
EndProject
Project("{FAE04EC0-301F-11D3-BF4B-00C04F79EFBC}") = "Contracts", "src\Contracts\Contracts.csproj", "{9E958A88-46A7-4B73-B66F-0240F455193C}"
EndProject
Project("{FAE04EC0-301F-11D3-BF4B-00C04F79EFBC}") = "IdentityService", "src\IdentityService\IdentityService.csproj", "{E57CDF4F-905D-4997-A026-E9AEE6B4285E}"
EndProject
Project("{FAE04EC0-301F-11D3-BF4B-00C04F79EFBC}") = "GatewayService", "src\GatewayService\GatewayService.csproj", "{0DA82CC8-9B57-46B2-9E36-54233B1E999A}"
EndProject
Project("{FAE04EC0-301F-11D3-BF4B-00C04F79EFBC}") = "BiddingService", "src\BiddingService\BiddingService.csproj", "{2BFED5E1-1389-4A08-91E4-91C380530774}"
EndProject
Project("{FAE04EC0-301F-11D3-BF4B-00C04F79EFBC}") = "NotificationService", "src\NotificationService\NotificationService.csproj", "{19359388-A660-4BAE-81E6-785A9003E47E}"
EndProject
Global
	GlobalSection(SolutionConfigurationPlatforms) = preSolution
		Debug|Any CPU = Debug|Any CPU
		Release|Any CPU = Release|Any CPU
	EndGlobalSection
	GlobalSection(SolutionProperties) = preSolution
		HideSolutionNode = FALSE
	EndGlobalSection
	GlobalSection(ProjectConfigurationPlatforms) = postSolution
		{FFAA1287-420A-4AC9-8710-EAE2635507C2}.Debug|Any CPU.ActiveCfg = Debug|Any CPU
		{FFAA1287-420A-4AC9-8710-EAE2635507C2}.Debug|Any CPU.Build.0 = Debug|Any CPU
		{FFAA1287-420A-4AC9-8710-EAE2635507C2}.Release|Any CPU.ActiveCfg = Release|Any CPU
		{FFAA1287-420A-4AC9-8710-EAE2635507C2}.Release|Any CPU.Build.0 = Release|Any CPU
		{D63A2759-77BA-4061-988C-D9C21FB62123}.Debug|Any CPU.ActiveCfg = Debug|Any CPU
		{D63A2759-77BA-4061-988C-D9C21FB62123}.Debug|Any CPU.Build.0 = Debug|Any CPU
		{D63A2759-77BA-4061-988C-D9C21FB62123}.Release|Any CPU.ActiveCfg = Release|Any CPU
		{D63A2759-77BA-4061-988C-D9C21FB62123}.Release|Any CPU.Build.0 = Release|Any CPU
		{9E958A88-46A7-4B73-B66F-0240F455193C}.Debug|Any CPU.ActiveCfg = Debug|Any CPU
		{9E958A88-46A7-4B73-B66F-0240F455193C}.Debug|Any CPU.Build.0 = Debug|Any CPU
		{9E958A88-46A7-4B73-B66F-0240F455193C}.Release|Any CPU.ActiveCfg = Release|Any CPU
		{9E958A88-46A7-4B73-B66F-0240F455193C}.Release|Any CPU.Build.0 = Release|Any CPU
		{E57CDF4F-905D-4997-A026-E9AEE6B4285E}.Debug|Any CPU.ActiveCfg = Debug|Any CPU
		{E57CDF4F-905D-4997-A026-E9AEE6B4285E}.Debug|Any CPU.Build.0 = Debug|Any CPU
		{E57CDF4F-905D-4997-A026-E9AEE6B4285E}.Release|Any CPU.ActiveCfg = Release|Any CPU
		{E57CDF4F-905D-4997-A026-E9AEE6B4285E}.Release|Any CPU.Build.0 = Release|Any CPU
		{0DA82CC8-9B57-46B2-9E36-54233B1E999A}.Debug|Any CPU.ActiveCfg = Debug|Any CPU
		{0DA82CC8-9B57-46B2-9E36-54233B1E999A}.Debug|Any CPU.Build.0 = Debug|Any CPU
		{0DA82CC8-9B57-46B2-9E36-54233B1E999A}.Release|Any CPU.ActiveCfg = Release|Any CPU
		{0DA82CC8-9B57-46B2-9E36-54233B1E999A}.Release|Any CPU.Build.0 = Release|Any CPU
		{2BFED5E1-1389-4A08-91E4-91C380530774}.Debug|Any CPU.ActiveCfg = Debug|Any CPU
		{2BFED5E1-1389-4A08-91E4-91C380530774}.Debug|Any CPU.Build.0 = Debug|Any CPU
		{2BFED5E1-1389-4A08-91E4-91C380530774}.Release|Any CPU.ActiveCfg = Release|Any CPU
		{2BFED5E1-1389-4A08-91E4-91C380530774}.Release|Any CPU.Build.0 = Release|Any CPU
		{19359388-A660-4BAE-81E6-785A9003E47E}.Debug|Any CPU.ActiveCfg = Debug|Any CPU
		{19359388-A660-4BAE-81E6-785A9003E47E}.Debug|Any CPU.Build.0 = Debug|Any CPU
		{19359388-A660-4BAE-81E6-785A9003E47E}.Release|Any CPU.ActiveCfg = Release|Any CPU
		{19359388-A660-4BAE-81E6-785A9003E47E}.Release|Any CPU.Build.0 = Release|Any CPU
	EndGlobalSection
	GlobalSection(NestedProjects) = preSolution
		{FFAA1287-420A-4AC9-8710-EAE2635507C2} = {93A4681F-2179-4D18-B36A-40603648AA3D}
		{D63A2759-77BA-4061-988C-D9C21FB62123} = {93A4681F-2179-4D18-B36A-40603648AA3D}
		{9E958A88-46A7-4B73-B66F-0240F455193C} = {93A4681F-2179-4D18-B36A-40603648AA3D}
		{E57CDF4F-905D-4997-A026-E9AEE6B4285E} = {93A4681F-2179-4D18-B36A-40603648AA3D}
		{0DA82CC8-9B57-46B2-9E36-54233B1E999A} = {93A4681F-2179-4D18-B36A-40603648AA3D}
		{2BFED5E1-1389-4A08-91E4-91C380530774} = {93A4681F-2179-4D18-B36A-40603648AA3D}
		{19359388-A660-4BAE-81E6-785A9003E47E} = {93A4681F-2179-4D18-B36A-40603648AA3D}
	EndGlobalSection
EndGlobal
